
Microsoft Visual Studio Solution File, Format Version 12.00
Project("{FAE04EC0-301F-11D3-BF4B-00C04F79EFBC}") = "CalculatingFigures", "CalculatingFigures\CalculatingFigures.csproj", "{FE6433A6-BEFE-4B4C-B0C5-25BAE34732F6}"
EndProject
Project("{FAE04EC0-301F-11D3-BF4B-00C04F79EFBC}") = "TestsCalculates", "TestsCalculates\TestsCalculates.csproj", "{1D9CF968-2870-4029-9912-B41789F4721D}"
EndProject
Project("{FAE04EC0-301F-11D3-BF4B-00C04F79EFBC}") = "ExampleCalculatingFigures", "ExampleCalculatingFigures\ExampleCalculatingFigures.csproj", "{0C91D41C-1E7A-44FD-9D73-35248DEEE555}"
EndProject
Global
	GlobalSection(SolutionConfigurationPlatforms) = preSolution
		Debug|Any CPU = Debug|Any CPU
		Release|Any CPU = Release|Any CPU
	EndGlobalSection
	GlobalSection(ProjectConfigurationPlatforms) = postSolution
		{FE6433A6-BEFE-4B4C-B0C5-25BAE34732F6}.Debug|Any CPU.ActiveCfg = Debug|Any CPU
		{FE6433A6-BEFE-4B4C-B0C5-25BAE34732F6}.Debug|Any CPU.Build.0 = Debug|Any CPU
		{FE6433A6-BEFE-4B4C-B0C5-25BAE34732F6}.Release|Any CPU.ActiveCfg = Release|Any CPU
		{FE6433A6-BEFE-4B4C-B0C5-25BAE34732F6}.Release|Any CPU.Build.0 = Release|Any CPU
		{1D9CF968-2870-4029-9912-B41789F4721D}.Debug|Any CPU.ActiveCfg = Debug|Any CPU
		{1D9CF968-2870-4029-9912-B41789F4721D}.Debug|Any CPU.Build.0 = Debug|Any CPU
		{1D9CF968-2870-4029-9912-B41789F4721D}.Release|Any CPU.ActiveCfg = Release|Any CPU
		{1D9CF968-2870-4029-9912-B41789F4721D}.Release|Any CPU.Build.0 = Release|Any CPU
		{0C91D41C-1E7A-44FD-9D73-35248DEEE555}.Debug|Any CPU.ActiveCfg = Debug|Any CPU
		{0C91D41C-1E7A-44FD-9D73-35248DEEE555}.Debug|Any CPU.Build.0 = Debug|Any CPU
		{0C91D41C-1E7A-44FD-9D73-35248DEEE555}.Release|Any CPU.ActiveCfg = Release|Any CPU
		{0C91D41C-1E7A-44FD-9D73-35248DEEE555}.Release|Any CPU.Build.0 = Release|Any CPU
	EndGlobalSection
EndGlobal
